<?xml version="1.0" encoding="utf-8"?>
<Project ToolsVersion="4.0" xmlns="http://schemas.microsoft.com/developer/msbuild/2003">
  <ItemGroup>
    <ClCompile Include="cmds.cpp">
      <Filter>Source Files</Filter>
    </ClCompile>
    <ClCompile Include="devcon.cpp">
      <Filter>Source Files</Filter>
    </ClCompile>
  </ItemGroup>
  <ItemGroup>
    <ClInclude Include="rc_ids.h">
      <Filter>Header Files</Filter>
    </ClInclude>
    <ClInclude Include="resource.h">
      <Filter>Header Files</Filter>
    </ClInclude>
    <ClInclude Include="rc_ids.h">
      <Filter>Header Files</Filter>
    </ClInclude>
    <ClInclude Include="resource.h">
      <Filter>Header Files</Filter>
    </ClInclude>
    <ClInclude Include="rc_ids.h">
      <Filter>Header Files</Filter>
    </ClInclude>
    <ClInclude Include="resource.h">
      <Filter>Header Files</Filter>
    </ClInclude>
    <ClInclude Include="rc_ids.h" />
    <ClInclude Include="resource.h" />
    <ClInclude Include="*.h;*.hpp;*.hxx;*.hm;*.inl;*.xsd" />
    <ClInclude Include="*.h;*.hpp;*.hxx;*.hm;*.inl;*.xsd" />
    <ClInclude Include="*.h;*.hpp;*.hxx;*.hm;*.inl;*.xsd" />
    <ClInclude Include="*.h;*.hpp;*.hxx;*.hm;*.inl;*.xsd">
      <Filter>Header Files</Filter>
    </ClInclude>
    <ClInclude Include="*.h;*.hpp;*.hxx;*.hm;*.inl;*.xsd">
      <Filter>Header Files</Filter>
    </ClInclude>
    <ClInclude Include="rc_ids.h" />
    <ClInclude Include="resource.h" />
    <ClInclude Include="*.h;*.hpp;*.hxx;*.hm;*.inl;*.xsd">
      <Filter>Header Files</Filter>
    </ClInclude>
    <ClInclude Include="*.h;*.hpp;*.hxx;*.hm;*.inl;*.xsd">
      <Filter>Header Files</Filter>
    </ClInclude>
    <ClInclude Include="*.h;*.hpp;*.hxx;*.hm;*.inl;*.xsd">
      <Filter>Header Files</Filter>
    </ClInclude>
    <ClInclude Include="*.h;*.hpp;*.hxx;*.hm;*.inl;*.xsd" />
    <ClInclude Include="*.h;*.hpp;*.hxx;*.hm;*.inl;*.xsd" />
    <ClInclude Include="*.h;*.hpp;*.hxx;*.hm;*.inl;*.xsd" />
    <ClInclude Include="*.h;*.hpp;*.hxx;*.hm;*.inl;*.xsd" />
    <ClInclude Include="*.h;*.hpp;*.hxx;*.hm;*.inl;*.xsd" />
    <ClInclude Include="*.h;*.hpp;*.hxx;*.hm;*.inl;*.xsd" />
    <ClInclude Include="rc_ids.h" />
    <ClInclude Include="resource.h" />
    <ClInclude Include="*.h;*.hpp;*.hxx;*.hm;*.inl;*.xsd" />
    <ClInclude Include="*.h;*.hpp;*.hxx;*.hm;*.inl;*.xsd" />
    <ClInclude Include="devcon.h" />
  </ItemGroup>
  <ItemGroup>
    <Filter Include="Header Files">
      <UniqueIdentifier>{79cf0aad-ad5c-46ae-b8fc-72b69bb24cae}</UniqueIdentifier>
    </Filter>
    <Filter Include="Source Files">
      <UniqueIdentifier>{a3744967-dbdc-4c15-9f54-b8aeee097ecf}</UniqueIdentifier>
    </Filter>
    <Filter Include="Resource Files">
      <UniqueIdentifier>{40de8fd7-c88b-4e9f-991b-e53c99e345df}</UniqueIdentifier>
    </Filter>
  </ItemGroup>
  <ItemGroup>
    <ResourceCompile Include="setup.rc">
      <Filter>Resource Files</Filter>
    </ResourceCompile>
  </ItemGroup>
</Project>